// !$*UTF8*$!
{
	archiveVersion = 1;
	classes = {
	};
	objectVersion = 46;
	objects = {

/* Begin PBXBuildFile section */
		3E5545201595AC780042E748 /* UIKit.framework in Frameworks */ = {isa = PBXBuildFile; fileRef = 3E55451F1595AC780042E748 /* UIKit.framework */; };
		3E5545221595AC780042E748 /* Foundation.framework in Frameworks */ = {isa = PBXBuildFile; fileRef = 3E5545211595AC780042E748 /* Foundation.framework */; };
		3E5545241595AC780042E748 /* CoreGraphics.framework in Frameworks */ = {isa = PBXBuildFile; fileRef = 3E5545231595AC780042E748 /* CoreGraphics.framework */; };
		3E55452A1595AC780042E748 /* InfoPlist.strings in Resources */ = {isa = PBXBuildFile; fileRef = 3E5545281595AC780042E748 /* InfoPlist.strings */; };
		3E55452C1595AC780042E748 /* main.m in Sources */ = {isa = PBXBuildFile; fileRef = 3E55452B1595AC780042E748 /* main.m */; };
		3E5545301595AC780042E748 /* LocationsAppDelegate.m in Sources */ = {isa = PBXBuildFile; fileRef = 3E55452F1595AC780042E748 /* LocationsAppDelegate.m */; };
		3E5545331595AC780042E748 /* MainStoryboard.storyboard in Resources */ = {isa = PBXBuildFile; fileRef = 3E5545311595AC780042E748 /* MainStoryboard.storyboard */; };
		3E5545361595AC780042E748 /* LocationsFirstViewController.m in Sources */ = {isa = PBXBuildFile; fileRef = 3E5545351595AC780042E748 /* LocationsFirstViewController.m */; };
		3E5545381595AC780042E748 /* first.png in Resources */ = {isa = PBXBuildFile; fileRef = 3E5545371595AC780042E748 /* first.png */; };
		3E55453A1595AC780042E748 /* first@2x.png in Resources */ = {isa = PBXBuildFile; fileRef = 3E5545391595AC780042E748 /* first@2x.png */; };
		3E55453D1595AC780042E748 /* LocationsSecondViewController.m in Sources */ = {isa = PBXBuildFile; fileRef = 3E55453C1595AC780042E748 /* LocationsSecondViewController.m */; };
		3E55453F1595AC780042E748 /* second.png in Resources */ = {isa = PBXBuildFile; fileRef = 3E55453E1595AC780042E748 /* second.png */; };
		3E5545411595AC780042E748 /* second@2x.png in Resources */ = {isa = PBXBuildFile; fileRef = 3E5545401595AC780042E748 /* second@2x.png */; };
/* End PBXBuildFile section */

/* Begin PBXFileReference section */
		3E55451B1595AC780042E748 /* MyLocations3.app */ = {isa = PBXFileReference; explicitFileType = wrapper.application; includeInIndex = 0; path = MyLocations3.app; sourceTree = BUILT_PRODUCTS_DIR; };
		3E55451F1595AC780042E748 /* UIKit.framework */ = {isa = PBXFileReference; lastKnownFileType = wrapper.framework; name = UIKit.framework; path = System/Library/Frameworks/UIKit.framework; sourceTree = SDKROOT; };
		3E5545211595AC780042E748 /* Foundation.framework */ = {isa = PBXFileReference; lastKnownFileType = wrapper.framework; name = Foundation.framework; path = System/Library/Frameworks/Foundation.framework; sourceTree = SDKROOT; };
		3E5545231595AC780042E748 /* CoreGraphics.framework */ = {isa = PBXFileReference; lastKnownFileType = wrapper.framework; name = CoreGraphics.framework; path = System/Library/Frameworks/CoreGraphics.framework; sourceTree = SDKROOT; };
		3E5545271595AC780042E748 /* MyLocations3-Info.plist */ = {isa = PBXFileReference; path = "MyLocations3-Info.plist"; sourceTree = "<group>"; };
		3E5545291595AC780042E748 /* en */ = {isa = PBXFileReference; lastKnownFileType = text.plist.strings; name = en; path = en.lproj/InfoPlist.strings; sourceTree = "<group>"; };
		3E55452B1595AC780042E748 /* main.m */ = {isa = PBXFileReference; lastKnownFileType = sourcecode.c.objc; path = main.m; sourceTree = "<group>"; };
		3E55452D1595AC780042E748 /* MyLocations3-Prefix.pch */ = {isa = PBXFileReference; path = "MyLocations3-Prefix.pch"; sourceTree = "<group>"; };
		3E55452E1595AC780042E748 /* LocationsAppDelegate.h */ = {isa = PBXFileReference; path = LocationsAppDelegate.h; sourceTree = "<group>"; };
		3E55452F1595AC780042E748 /* LocationsAppDelegate.m */ = {isa = PBXFileReference; lastKnownFileType = sourcecode.c.objc; path = LocationsAppDelegate.m; sourceTree = "<group>"; };
		3E5545321595AC780042E748 /* en */ = {isa = PBXFileReference; lastKnownFileType = file.storyboard; name = en; path = en.lproj/MainStoryboard.storyboard; sourceTree = "<group>"; };
		3E5545341595AC780042E748 /* LocationsFirstViewController.h */ = {isa = PBXFileReference; path = LocationsFirstViewController.h; sourceTree = "<group>"; };
		3E5545351595AC780042E748 /* LocationsFirstViewController.m */ = {isa = PBXFileReference; lastKnownFileType = sourcecode.c.objc; path = LocationsFirstViewController.m; sourceTree = "<group>"; };
		3E5545371595AC780042E748 /* first.png */ = {isa = PBXFileReference; lastKnownFileType = image.png; path = first.png; sourceTree = "<group>"; };
		3E5545391595AC780042E748 /* first@2x.png */ = {isa = PBXFileReference; lastKnownFileType = image.png; path = "first@2x.png"; sourceTree = "<group>"; };
		3E55453B1595AC780042E748 /* LocationsSecondViewController.h */ = {isa = PBXFileReference; path = LocationsSecondViewController.h; sourceTree = "<group>"; };
		3E55453C1595AC780042E748 /* LocationsSecondViewController.m */ = {isa = PBXFileReference; lastKnownFileType = sourcecode.c.objc; path = LocationsSecondViewController.m; sourceTree = "<group>"; };
		3E55453E1595AC780042E748 /* second.png */ = {isa = PBXFileReference; lastKnownFileType = image.png; path = second.png; sourceTree = "<group>"; };
		3E5545401595AC780042E748 /* second@2x.png */ = {isa = PBXFileReference; lastKnownFileType = image.png; path = "second@2x.png"; sourceTree = "<group>"; };
/* End PBXFileReference section */

/* Begin PBXFrameworksBuildPhase section */
		3E5545181595AC780042E748 /* Frameworks */ = {
			isa = PBXFrameworksBuildPhase;
			buildActionMask = 2147483647;
			files = (
				3E5545201595AC780042E748 /* UIKit.framework in Frameworks */,
				3E5545221595AC780042E748 /* Foundation.framework in Frameworks */,
				3E5545241595AC780042E748 /* CoreGraphics.framework in Frameworks */,
			);
			runOnlyForDeploymentPostprocessing = 0;
		};
/* End PBXFrameworksBuildPhase section */

/* Begin PBXGroup section */
		3E5545101595AC780042E748 = {
			isa = PBXGroup;
			children = (
				3E5545251595AC780042E748 /* MyLocations3 */,
				3E55451E1595AC780042E748 /* Frameworks */,
				3E55451C1595AC780042E748 /* Products */,
			);
			sourceTree = "<group>";
		};
		3E55451C1595AC780042E748 /* Products */ = {
			isa = PBXGroup;
			children = (
				3E55451B1595AC780042E748 /* MyLocations3.app */,
			);
			name = Products;
			sourceTree = "<group>";
		};
		3E55451E1595AC780042E748 /* Frameworks */ = {
			isa = PBXGroup;
			children = (
				3E55451F1595AC780042E748 /* UIKit.framework */,
				3E5545211595AC780042E748 /* Foundation.framework */,
				3E5545231595AC780042E748 /* CoreGraphics.framework */,
			);
			name = Frameworks;
			sourceTree = "<group>";
		};
		3E5545251595AC780042E748 /* MyLocations3 */ = {
			isa = PBXGroup;
			children = (
				3E55452E1595AC780042E748 /* LocationsAppDelegate.h */,
				3E55452F1595AC780042E748 /* LocationsAppDelegate.m */,
				3E5545311595AC780042E748 /* MainStoryboard.storyboard */,
				3E5545341595AC780042E748 /* LocationsFirstViewController.h */,
				3E5545351595AC780042E748 /* LocationsFirstViewController.m */,
				3E5545371595AC780042E748 /* first.png */,
				3E5545391595AC780042E748 /* first@2x.png */,
				3E55453B1595AC780042E748 /* LocationsSecondViewController.h */,
				3E55453C1595AC780042E748 /* LocationsSecondViewController.m */,
				3E55453E1595AC780042E748 /* second.png */,
				3E5545401595AC780042E748 /* second@2x.png */,
				3E5545261595AC780042E748 /* Supporting Files */,
			);
			path = MyLocations3;
			sourceTree = "<group>";
		};
		3E5545261595AC780042E748 /* Supporting Files */ = {
			isa = PBXGroup;
			children = (
				3E5545271595AC780042E748 /* MyLocations3-Info.plist */,
				3E5545281595AC780042E748 /* InfoPlist.strings */,
				3E55452B1595AC780042E748 /* main.m */,
				3E55452D1595AC780042E748 /* MyLocations3-Prefix.pch */,
			);
			name = "Supporting Files";
			sourceTree = "<group>";
		};
/* End PBXGroup section */

/* Begin PBXNativeTarget section */
		3E55451A1595AC780042E748 /* MyLocations3 */ = {
			isa = PBXNativeTarget;
			buildConfigurationList = 3E5545441595AC780042E748 /* Build configuration list for PBXNativeTarget "MyLocations3" */;
			buildPhases = (
				3E5545171595AC780042E748 /* Sources */,
				3E5545181595AC780042E748 /* Frameworks */,
				3E5545191595AC780042E748 /* Resources */,
			);
			buildRules = (
			);
			dependencies = (
			);
			name = MyLocations3;
			productName = MyLocations3;
			productReference = 3E55451B1595AC780042E748 /* MyLocations3.app */;
			productType = "com.apple.product-type.application";
		};
/* End PBXNativeTarget section */

/* Begin PBXProject section */
		3E5545121595AC780042E748 /* Project object */ = {
			isa = PBXProject;
			attributes = {
				CLASSPREFIX = Locations;
				LastUpgradeCheck = 0430;
			};
			buildConfigurationList = 3E5545151595AC780042E748 /* Build configuration list for PBXProject "MyLocations3" */;
			compatibilityVersion = "Xcode 3.2";
			developmentRegion = English;
			hasScannedForEncodings = 0;
			knownRegions = (
				en,
			);
			mainGroup = 3E5545101595AC780042E748;
			productRefGroup = 3E55451C1595AC780042E748 /* Products */;
			projectDirPath = "";
			projectRoot = "";
			targets = (
				3E55451A1595AC780042E748 /* MyLocations3 */,
			);
		};
/* End PBXProject section */

/* Begin PBXResourcesBuildPhase section */
		3E5545191595AC780042E748 /* Resources */ = {
			isa = PBXResourcesBuildPhase;
			buildActionMask = 2147483647;
			files = (
				3E55452A1595AC780042E748 /* InfoPlist.strings in Resources */,
				3E5545331595AC780042E748 /* MainStoryboard.storyboard in Resources */,
				3E5545381595AC780042E748 /* first.png in Resources */,
				3E55453A1595AC780042E748 /* first@2x.png in Resources */,
				3E55453F1595AC780042E748 /* second.png in Resources */,
				3E5545411595AC780042E748 /* second@2x.png in Resources */,
			);
			runOnlyForDeploymentPostprocessing = 0;
		};
/* End PBXResourcesBuildPhase section */

/* Begin PBXSourcesBuildPhase section */
		3E5545171595AC780042E748 /* Sources */ = {
			isa = PBXSourcesBuildPhase;
			buildActionMask = 2147483647;
			files = (
				3E55452C1595AC780042E748 /* main.m in Sources */,
				3E5545301595AC780042E748 /* LocationsAppDelegate.m in Sources */,
				3E5545361595AC780042E748 /* LocationsFirstViewController.m in Sources */,
				3E55453D1595AC780042E748 /* LocationsSecondViewController.m in Sources */,
			);
			runOnlyForDeploymentPostprocessing = 0;
		};
/* End PBXSourcesBuildPhase section */

/* Begin PBXVariantGroup section */
		3E5545281595AC780042E748 /* InfoPlist.strings */ = {
			isa = PBXVariantGroup;
			children = (
				3E5545291595AC780042E748 /* en */,
			);
			name = InfoPlist.strings;
			sourceTree = "<group>";
		};
		3E5545311595AC780042E748 /* MainStoryboard.storyboard */ = {
			isa = PBXVariantGroup;
			children = (
				3E5545321595AC780042E748 /* en */,
			);
			name = MainStoryboard.storyboard;
			sourceTree = "<group>";
		};
/* End PBXVariantGroup section */

/* Begin XCBuildConfiguration section */
		3E5545421595AC780042E748 /* Debug */ = {
			isa = XCBuildConfiguration;
			buildSettings = {
				ALWAYS_SEARCH_USER_PATHS = NO;
				ARCHS = "$(ARCHS_STANDARD_32_BIT)";
				CLANG_ENABLE_OBJC_ARC = YES;
				"CODE_SIGN_IDENTITY[sdk=iphoneos*]" = "iPhone Developer";
				COPY_PHASE_STRIP = NO;
				GCC_C_LANGUAGE_STANDARD = gnu99;
				GCC_DYNAMIC_NO_PIC = NO;
				GCC_OPTIMIZATION_LEVEL = 0;
				GCC_PREPROCESSOR_DEFINITIONS = (
					"DEBUG=1",
					"$(inherited)",
				);
				GCC_SYMBOLS_PRIVATE_EXTERN = NO;
				GCC_VERSION = com.apple.compilers.llvm.clang.1_0;
				GCC_WARN_ABOUT_RETURN_TYPE = YES;
				GCC_WARN_UNINITIALIZED_AUTOS = YES;
				GCC_WARN_UNUSED_VARIABLE = YES;
				IPHONEOS_DEPLOYMENT_TARGET = 5.1;
				SDKROOT = iphoneos;
			};
			name = Debug;
		};
		3E5545431595AC780042E748 /* Release */ = {
			isa = XCBuildConfiguration;
			buildSettings = {
				ALWAYS_SEARCH_USER_PATHS = NO;
				ARCHS = "$(ARCHS_STANDARD_32_BIT)";
				CLANG_ENABLE_OBJC_ARC = YES;
				"CODE_SIGN_IDENTITY[sdk=iphoneos*]" = "iPhone Developer";
				COPY_PHASE_STRIP = YES;
				GCC_C_LANGUAGE_STANDARD = gnu99;
				GCC_VERSION = com.apple.compilers.llvm.clang.1_0;
				GCC_WARN_ABOUT_RETURN_TYPE = YES;
				GCC_WARN_UNINITIALIZED_AUTOS = YES;
				GCC_WARN_UNUSED_VARIABLE = YES;
				IPHONEOS_DEPLOYMENT_TARGET = 5.1;
				OTHER_CFLAGS = "-DNS_BLOCK_ASSERTIONS=1";
				SDKROOT = iphoneos;
				VALIDATE_PRODUCT = YES;
			};
			name = Release;
		};
		3E5545451595AC780042E748 /* Debug */ = {
			isa = XCBuildConfiguration;
			buildSettings = {
				GCC_PRECOMPILE_PREFIX_HEADER = YES;
				GCC_PREFIX_HEADER = "MyLocations3/MyLocations3-Prefix.pch";
				INFOPLIST_FILE = "MyLocations3/MyLocations3-Info.plist";
				PRODUCT_NAME = "$(TARGET_NAME)";
				WRAPPER_EXTENSION = app;
			};
			name = Debug;
		};
		3E5545461595AC780042E748 /* Release */ = {
			isa = XCBuildConfiguration;
			buildSettings = {
				GCC_PRECOMPILE_PREFIX_HEADER = YES;
				GCC_PREFIX_HEADER = "MyLocations3/MyLocations3-Prefix.pch";
				INFOPLIST_FILE = "MyLocations3/MyLocations3-Info.plist";
				PRODUCT_NAME = "$(TARGET_NAME)";
				WRAPPER_EXTENSION = app;
			};
			name = Release;
		};
/* End XCBuildConfiguration section */

/* Begin XCConfigurationList section */
		3E5545151595AC780042E748 /* Build configuration list for PBXProject "MyLocations3" */ = {
			isa = XCConfigurationList;
			buildConfigurations = (
				3E5545421595AC780042E748 /* Debug */,
				3E5545431595AC780042E748 /* Release */,
			);
			defaultConfigurationIsVisible = 0;
			defaultConfigurationName = Release;
		};
		3E5545441595AC780042E748 /* Build configuration list for PBXNativeTarget "MyLocations3" */ = {
			isa = XCConfigurationList;
			buildConfigurations = (
				3E5545451595AC780042E748 /* Debug */,
				3E5545461595AC780042E748 /* Release */,
			);
			defaultConfigurationIsVisible = 0;
		};
/* End XCConfigurationList section */
	};
	rootObject = 3E5545121595AC780042E748 /* Project object */;
}
